// !$*UTF8*$!
{
	archiveVersion = 1;
	classes = {
	};
	objectVersion = 48;
	objects = {

/* Begin PBXBuildFile section */
		EA06D7731F3508F700F3F0D5 /* AppDelegate.swift in Sources */ = {isa = PBXBuildFile; fileRef = EA06D7721F3508F700F3F0D5 /* AppDelegate.swift */; };
		EA06D7751F3508F700F3F0D5 /* MainVC.swift in Sources */ = {isa = PBXBuildFile; fileRef = EA06D7741F3508F700F3F0D5 /* MainVC.swift */; };
		EA06D7781F3508F700F3F0D5 /* Main.storyboard in Resources */ = {isa = PBXBuildFile; fileRef = EA06D7761F3508F700F3F0D5 /* Main.storyboard */; };
		EA06D77A1F3508F700F3F0D5 /* Assets.xcassets in Resources */ = {isa = PBXBuildFile; fileRef = EA06D7791F3508F700F3F0D5 /* Assets.xcassets */; };
		EA06D77D1F3508F700F3F0D5 /* LaunchScreen.storyboard in Resources */ = {isa = PBXBuildFile; fileRef = EA06D77B1F3508F700F3F0D5 /* LaunchScreen.storyboard */; };
		EA06D7881F3508F700F3F0D5 /* windows_shopper_appTests.swift in Sources */ = {isa = PBXBuildFile; fileRef = EA06D7871F3508F700F3F0D5 /* windows_shopper_appTests.swift */; };
		EA06D7931F3508F700F3F0D5 /* windows_shopper_appUITests.swift in Sources */ = {isa = PBXBuildFile; fileRef = EA06D7921F3508F700F3F0D5 /* windows_shopper_appUITests.swift */; };
		EA06D7A31F350F5300F3F0D5 /* CurrencyTxtField.swift in Sources */ = {isa = PBXBuildFile; fileRef = EA06D7A21F350F5300F3F0D5 /* CurrencyTxtField.swift */; };
		EA06D7A61F365C8000F3F0D5 /* Wage.swift in Sources */ = {isa = PBXBuildFile; fileRef = EA06D7A51F365C8000F3F0D5 /* Wage.swift */; };
		EA06D7A71F365E3600F3F0D5 /* Wage.swift in Sources */ = {isa = PBXBuildFile; fileRef = EA06D7A51F365C8000F3F0D5 /* Wage.swift */; };
/* End PBXBuildFile section */

/* Begin PBXContainerItemProxy section */
		EA06D7841F3508F700F3F0D5 /* PBXContainerItemProxy */ = {
			isa = PBXContainerItemProxy;
			containerPortal = EA06D7671F3508F700F3F0D5 /* Project object */;
			proxyType = 1;
			remoteGlobalIDString = EA06D76E1F3508F700F3F0D5;
			remoteInfo = "windows-shopper-app";
		};
		EA06D78F1F3508F700F3F0D5 /* PBXContainerItemProxy */ = {
			isa = PBXContainerItemProxy;
			containerPortal = EA06D7671F3508F700F3F0D5 /* Project object */;
			proxyType = 1;
			remoteGlobalIDString = EA06D76E1F3508F700F3F0D5;
			remoteInfo = "windows-shopper-app";
		};
/* End PBXContainerItemProxy section */

/* Begin PBXFileReference section */
		EA06D76F1F3508F700F3F0D5 /* windows-shopper-app.app */ = {isa = PBXFileReference; explicitFileType = wrapper.application; includeInIndex = 0; path = "windows-shopper-app.app"; sourceTree = BUILT_PRODUCTS_DIR; };
		EA06D7721F3508F700F3F0D5 /* AppDelegate.swift */ = {isa = PBXFileReference; lastKnownFileType = sourcecode.swift; path = AppDelegate.swift; sourceTree = "<group>"; };
		EA06D7741F3508F700F3F0D5 /* MainVC.swift */ = {isa = PBXFileReference; lastKnownFileType = sourcecode.swift; path = MainVC.swift; sourceTree = "<group>"; };
		EA06D7771F3508F700F3F0D5 /* Base */ = {isa = PBXFileReference; lastKnownFileType = file.storyboard; name = Base; path = Base.lproj/Main.storyboard; sourceTree = "<group>"; };
		EA06D7791F3508F700F3F0D5 /* Assets.xcassets */ = {isa = PBXFileReference; lastKnownFileType = folder.assetcatalog; path = Assets.xcassets; sourceTree = "<group>"; };
		EA06D77C1F3508F700F3F0D5 /* Base */ = {isa = PBXFileReference; lastKnownFileType = file.storyboard; name = Base; path = Base.lproj/LaunchScreen.storyboard; sourceTree = "<group>"; };
		EA06D77E1F3508F700F3F0D5 /* Info.plist */ = {isa = PBXFileReference; lastKnownFileType = text.plist.xml; path = Info.plist; sourceTree = "<group>"; };
		EA06D7831F3508F700F3F0D5 /* windows-shopper-appTests.xctest */ = {isa = PBXFileReference; explicitFileType = wrapper.cfbundle; includeInIndex = 0; path = "windows-shopper-appTests.xctest"; sourceTree = BUILT_PRODUCTS_DIR; };
		EA06D7871F3508F700F3F0D5 /* windows_shopper_appTests.swift */ = {isa = PBXFileReference; lastKnownFileType = sourcecode.swift; path = windows_shopper_appTests.swift; sourceTree = "<group>"; };
		EA06D7891F3508F700F3F0D5 /* Info.plist */ = {isa = PBXFileReference; lastKnownFileType = text.plist.xml; path = Info.plist; sourceTree = "<group>"; };
		EA06D78E1F3508F700F3F0D5 /* windows-shopper-appUITests.xctest */ = {isa = PBXFileReference; explicitFileType = wrapper.cfbundle; includeInIndex = 0; path = "windows-shopper-appUITests.xctest"; sourceTree = BUILT_PRODUCTS_DIR; };
		EA06D7921F3508F700F3F0D5 /* windows_shopper_appUITests.swift */ = {isa = PBXFileReference; lastKnownFileType = sourcecode.swift; path = windows_shopper_appUITests.swift; sourceTree = "<group>"; };
		EA06D7941F3508F700F3F0D5 /* Info.plist */ = {isa = PBXFileReference; lastKnownFileType = text.plist.xml; path = Info.plist; sourceTree = "<group>"; };
		EA06D7A21F350F5300F3F0D5 /* CurrencyTxtField.swift */ = {isa = PBXFileReference; lastKnownFileType = sourcecode.swift; path = CurrencyTxtField.swift; sourceTree = "<group>"; };
		EA06D7A51F365C8000F3F0D5 /* Wage.swift */ = {isa = PBXFileReference; lastKnownFileType = sourcecode.swift; path = Wage.swift; sourceTree = "<group>"; };
/* End PBXFileReference section */

/* Begin PBXFrameworksBuildPhase section */
		EA06D76C1F3508F700F3F0D5 /* Frameworks */ = {
			isa = PBXFrameworksBuildPhase;
			buildActionMask = 2147483647;
			files = (
			);
			runOnlyForDeploymentPostprocessing = 0;
		};
		EA06D7801F3508F700F3F0D5 /* Frameworks */ = {
			isa = PBXFrameworksBuildPhase;
			buildActionMask = 2147483647;
			files = (
			);
			runOnlyForDeploymentPostprocessing = 0;
		};
		EA06D78B1F3508F700F3F0D5 /* Frameworks */ = {
			isa = PBXFrameworksBuildPhase;
			buildActionMask = 2147483647;
			files = (
			);
			runOnlyForDeploymentPostprocessing = 0;
		};
/* End PBXFrameworksBuildPhase section */

/* Begin PBXGroup section */
		EA06D7661F3508F700F3F0D5 = {
			isa = PBXGroup;
			children = (
				EA06D7711F3508F700F3F0D5 /* windows-shopper-app */,
				EA06D7861F3508F700F3F0D5 /* windows-shopper-appTests */,
				EA06D7911F3508F700F3F0D5 /* windows-shopper-appUITests */,
				EA06D7701F3508F700F3F0D5 /* Products */,
			);
			sourceTree = "<group>";
		};
		EA06D7701F3508F700F3F0D5 /* Products */ = {
			isa = PBXGroup;
			children = (
				EA06D76F1F3508F700F3F0D5 /* windows-shopper-app.app */,
				EA06D7831F3508F700F3F0D5 /* windows-shopper-appTests.xctest */,
				EA06D78E1F3508F700F3F0D5 /* windows-shopper-appUITests.xctest */,
			);
			name = Products;
			sourceTree = "<group>";
		};
		EA06D7711F3508F700F3F0D5 /* windows-shopper-app */ = {
			isa = PBXGroup;
			children = (
				EA06D7A41F365C7200F3F0D5 /* Model */,
				EA06D7A11F350F0800F3F0D5 /* Views */,
				EA06D7A01F350CA600F3F0D5 /* Controller */,
				EA06D7721F3508F700F3F0D5 /* AppDelegate.swift */,
				EA06D7761F3508F700F3F0D5 /* Main.storyboard */,
				EA06D7791F3508F700F3F0D5 /* Assets.xcassets */,
				EA06D77B1F3508F700F3F0D5 /* LaunchScreen.storyboard */,
				EA06D77E1F3508F700F3F0D5 /* Info.plist */,
			);
			path = "windows-shopper-app";
			sourceTree = "<group>";
		};
		EA06D7861F3508F700F3F0D5 /* windows-shopper-appTests */ = {
			isa = PBXGroup;
			children = (
				EA06D7871F3508F700F3F0D5 /* windows_shopper_appTests.swift */,
				EA06D7891F3508F700F3F0D5 /* Info.plist */,
			);
			path = "windows-shopper-appTests";
			sourceTree = "<group>";
		};
		EA06D7911F3508F700F3F0D5 /* windows-shopper-appUITests */ = {
			isa = PBXGroup;
			children = (
				EA06D7921F3508F700F3F0D5 /* windows_shopper_appUITests.swift */,
				EA06D7941F3508F700F3F0D5 /* Info.plist */,
			);
			path = "windows-shopper-appUITests";
			sourceTree = "<group>";
		};
		EA06D7A01F350CA600F3F0D5 /* Controller */ = {
			isa = PBXGroup;
			children = (
				EA06D7741F3508F700F3F0D5 /* MainVC.swift */,
			);
			path = Controller;
			sourceTree = "<group>";
		};
		EA06D7A11F350F0800F3F0D5 /* Views */ = {
			isa = PBXGroup;
			children = (
				EA06D7A21F350F5300F3F0D5 /* CurrencyTxtField.swift */,
			);
			path = Views;
			sourceTree = "<group>";
		};
		EA06D7A41F365C7200F3F0D5 /* Model */ = {
			isa = PBXGroup;
			children = (
				EA06D7A51F365C8000F3F0D5 /* Wage.swift */,
			);
			path = Model;
			sourceTree = "<group>";
		};
/* End PBXGroup section */

/* Begin PBXNativeTarget section */
		EA06D76E1F3508F700F3F0D5 /* windows-shopper-app */ = {
			isa = PBXNativeTarget;
			buildConfigurationList = EA06D7971F3508F800F3F0D5 /* Build configuration list for PBXNativeTarget "windows-shopper-app" */;
			buildPhases = (
				EA06D76B1F3508F700F3F0D5 /* Sources */,
				EA06D76C1F3508F700F3F0D5 /* Frameworks */,
				EA06D76D1F3508F700F3F0D5 /* Resources */,
			);
			buildRules = (
			);
			dependencies = (
			);
			name = "windows-shopper-app";
			productName = "windows-shopper-app";
			productReference = EA06D76F1F3508F700F3F0D5 /* windows-shopper-app.app */;
			productType = "com.apple.product-type.application";
		};
		EA06D7821F3508F700F3F0D5 /* windows-shopper-appTests */ = {
			isa = PBXNativeTarget;
			buildConfigurationList = EA06D79A1F3508F800F3F0D5 /* Build configuration list for PBXNativeTarget "windows-shopper-appTests" */;
			buildPhases = (
				EA06D77F1F3508F700F3F0D5 /* Sources */,
				EA06D7801F3508F700F3F0D5 /* Frameworks */,
				EA06D7811F3508F700F3F0D5 /* Resources */,
			);
			buildRules = (
			);
			dependencies = (
				EA06D7851F3508F700F3F0D5 /* PBXTargetDependency */,
			);
			name = "windows-shopper-appTests";
			productName = "windows-shopper-appTests";
			productReference = EA06D7831F3508F700F3F0D5 /* windows-shopper-appTests.xctest */;
			productType = "com.apple.product-type.bundle.unit-test";
		};
		EA06D78D1F3508F700F3F0D5 /* windows-shopper-appUITests */ = {
			isa = PBXNativeTarget;
			buildConfigurationList = EA06D79D1F3508F800F3F0D5 /* Build configuration list for PBXNativeTarget "windows-shopper-appUITests" */;
			buildPhases = (
				EA06D78A1F3508F700F3F0D5 /* Sources */,
				EA06D78B1F3508F700F3F0D5 /* Frameworks */,
				EA06D78C1F3508F700F3F0D5 /* Resources */,
			);
			buildRules = (
			);
			dependencies = (
				EA06D7901F3508F700F3F0D5 /* PBXTargetDependency */,
			);
			name = "windows-shopper-appUITests";
			productName = "windows-shopper-appUITests";
			productReference = EA06D78E1F3508F700F3F0D5 /* windows-shopper-appUITests.xctest */;
			productType = "com.apple.product-type.bundle.ui-testing";
		};
/* End PBXNativeTarget section */

/* Begin PBXProject section */
		EA06D7671F3508F700F3F0D5 /* Project object */ = {
			isa = PBXProject;
			attributes = {
				LastSwiftUpdateCheck = 0900;
				LastUpgradeCheck = 0900;
				ORGANIZATIONNAME = "Marcin Pietrzak";
				TargetAttributes = {
					EA06D76E1F3508F700F3F0D5 = {
						CreatedOnToolsVersion = 9.0;
					};
					EA06D7821F3508F700F3F0D5 = {
						CreatedOnToolsVersion = 9.0;
						TestTargetID = EA06D76E1F3508F700F3F0D5;
					};
					EA06D78D1F3508F700F3F0D5 = {
						CreatedOnToolsVersion = 9.0;
						TestTargetID = EA06D76E1F3508F700F3F0D5;
					};
				};
			};
			buildConfigurationList = EA06D76A1F3508F700F3F0D5 /* Build configuration list for PBXProject "windows-shopper-app" */;
			compatibilityVersion = "Xcode 8.0";
			developmentRegion = en;
			hasScannedForEncodings = 0;
			knownRegions = (
				en,
				Base,
			);
			mainGroup = EA06D7661F3508F700F3F0D5;
			productRefGroup = EA06D7701F3508F700F3F0D5 /* Products */;
			projectDirPath = "";
			projectRoot = "";
			targets = (
				EA06D76E1F3508F700F3F0D5 /* windows-shopper-app */,
				EA06D7821F3508F700F3F0D5 /* windows-shopper-appTests */,
				EA06D78D1F3508F700F3F0D5 /* windows-shopper-appUITests */,
			);
		};
/* End PBXProject section */

/* Begin PBXResourcesBuildPhase section */
		EA06D76D1F3508F700F3F0D5 /* Resources */ = {
			isa = PBXResourcesBuildPhase;
			buildActionMask = 2147483647;
			files = (
				EA06D77D1F3508F700F3F0D5 /* LaunchScreen.storyboard in Resources */,
				EA06D77A1F3508F700F3F0D5 /* Assets.xcassets in Resources */,
				EA06D7781F3508F700F3F0D5 /* Main.storyboard in Resources */,
			);
			runOnlyForDeploymentPostprocessing = 0;
		};
		EA06D7811F3508F700F3F0D5 /* Resources */ = {
			isa = PBXResourcesBuildPhase;
			buildActionMask = 2147483647;
			files = (
			);
			runOnlyForDeploymentPostprocessing = 0;
		};
		EA06D78C1F3508F700F3F0D5 /* Resources */ = {
			isa = PBXResourcesBuildPhase;
			buildActionMask = 2147483647;
			files = (
			);
			runOnlyForDeploymentPostprocessing = 0;
		};
/* End PBXResourcesBuildPhase section */

/* Begin PBXSourcesBuildPhase section */
		EA06D76B1F3508F700F3F0D5 /* Sources */ = {
			isa = PBXSourcesBuildPhase;
			buildActionMask = 2147483647;
			files = (
				EA06D7A31F350F5300F3F0D5 /* CurrencyTxtField.swift in Sources */,
				EA06D7A61F365C8000F3F0D5 /* Wage.swift in Sources */,
				EA06D7751F3508F700F3F0D5 /* MainVC.swift in Sources */,
				EA06D7731F3508F700F3F0D5 /* AppDelegate.swift in Sources */,
			);
			runOnlyForDeploymentPostprocessing = 0;
		};
		EA06D77F1F3508F700F3F0D5 /* Sources */ = {
			isa = PBXSourcesBuildPhase;
			buildActionMask = 2147483647;
			files = (
				EA06D7881F3508F700F3F0D5 /* windows_shopper_appTests.swift in Sources */,
				EA06D7A71F365E3600F3F0D5 /* Wage.swift in Sources */,
			);
			runOnlyForDeploymentPostprocessing = 0;
		};
		EA06D78A1F3508F700F3F0D5 /* Sources */ = {
			isa = PBXSourcesBuildPhase;
			buildActionMask = 2147483647;
			files = (
				EA06D7931F3508F700F3F0D5 /* windows_shopper_appUITests.swift in Sources */,
			);
			runOnlyForDeploymentPostprocessing = 0;
		};
/* End PBXSourcesBuildPhase section */

/* Begin PBXTargetDependency section */
		EA06D7851F3508F700F3F0D5 /* PBXTargetDependency */ = {
			isa = PBXTargetDependency;
			target = EA06D76E1F3508F700F3F0D5 /* windows-shopper-app */;
			targetProxy = EA06D7841F3508F700F3F0D5 /* PBXContainerItemProxy */;
		};
		EA06D7901F3508F700F3F0D5 /* PBXTargetDependency */ = {
			isa = PBXTargetDependency;
			target = EA06D76E1F3508F700F3F0D5 /* windows-shopper-app */;
			targetProxy = EA06D78F1F3508F700F3F0D5 /* PBXContainerItemProxy */;
		};
/* End PBXTargetDependency section */

/* Begin PBXVariantGroup section */
		EA06D7761F3508F700F3F0D5 /* Main.storyboard */ = {
			isa = PBXVariantGroup;
			children = (
				EA06D7771F3508F700F3F0D5 /* Base */,
			);
			name = Main.storyboard;
			sourceTree = "<group>";
		};
		EA06D77B1F3508F700F3F0D5 /* LaunchScreen.storyboard */ = {
			isa = PBXVariantGroup;
			children = (
				EA06D77C1F3508F700F3F0D5 /* Base */,
			);
			name = LaunchScreen.storyboard;
			sourceTree = "<group>";
		};
/* End PBXVariantGroup section */

/* Begin XCBuildConfiguration section */
		EA06D7951F3508F800F3F0D5 /* Debug */ = {
			isa = XCBuildConfiguration;
			buildSettings = {
				ALWAYS_SEARCH_USER_PATHS = NO;
				CLANG_ANALYZER_NONNULL = YES;
				CLANG_ANALYZER_NUMBER_OBJECT_CONVERSION = YES_AGGRESSIVE;
				CLANG_CXX_LANGUAGE_STANDARD = "gnu++14";
				CLANG_CXX_LIBRARY = "libc++";
				CLANG_ENABLE_MODULES = YES;
				CLANG_ENABLE_OBJC_ARC = YES;
				CLANG_WARN_BLOCK_CAPTURE_AUTORELEASING = YES;
				CLANG_WARN_BOOL_CONVERSION = YES;
				CLANG_WARN_COMMA = YES;
				CLANG_WARN_CONSTANT_CONVERSION = YES;
				CLANG_WARN_DIRECT_OBJC_ISA_USAGE = YES_ERROR;
				CLANG_WARN_DOCUMENTATION_COMMENTS = YES;
				CLANG_WARN_EMPTY_BODY = YES;
				CLANG_WARN_ENUM_CONVERSION = YES;
				CLANG_WARN_INFINITE_RECURSION = YES;
				CLANG_WARN_INT_CONVERSION = YES;
				CLANG_WARN_NON_LITERAL_NULL_CONVERSION = YES;
				CLANG_WARN_OBJC_LITERAL_CONVERSION = YES;
				CLANG_WARN_OBJC_ROOT_CLASS = YES_ERROR;
				CLANG_WARN_RANGE_LOOP_ANALYSIS = YES;
				CLANG_WARN_STRICT_PROTOTYPES = YES;
				CLANG_WARN_SUSPICIOUS_MOVE = YES;
				CLANG_WARN_UNGUARDED_AVAILABILITY = YES_AGGRESSIVE;
				CLANG_WARN_UNREACHABLE_CODE = YES;
				CLANG_WARN__DUPLICATE_METHOD_MATCH = YES;
				CODE_SIGN_IDENTITY = "iPhone Developer";
				COPY_PHASE_STRIP = NO;
				DEBUG_INFORMATION_FORMAT = dwarf;
				ENABLE_STRICT_OBJC_MSGSEND = YES;
				ENABLE_TESTABILITY = YES;
				GCC_C_LANGUAGE_STANDARD = gnu11;
				GCC_DYNAMIC_NO_PIC = NO;
				GCC_NO_COMMON_BLOCKS = YES;
				GCC_OPTIMIZATION_LEVEL = 0;
				GCC_PREPROCESSOR_DEFINITIONS = (
					"DEBUG=1",
					"$(inherited)",
				);
				GCC_WARN_64_TO_32_BIT_CONVERSION = YES;
				GCC_WARN_ABOUT_RETURN_TYPE = YES_ERROR;
				GCC_WARN_UNDECLARED_SELECTOR = YES;
				GCC_WARN_UNINITIALIZED_AUTOS = YES_AGGRESSIVE;
				GCC_WARN_UNUSED_FUNCTION = YES;
				GCC_WARN_UNUSED_VARIABLE = YES;
				IPHONEOS_DEPLOYMENT_TARGET = 11.0;
				MTL_ENABLE_DEBUG_INFO = YES;
				ONLY_ACTIVE_ARCH = YES;
				SDKROOT = iphoneos;
				SWIFT_ACTIVE_COMPILATION_CONDITIONS = DEBUG;
				SWIFT_OPTIMIZATION_LEVEL = "-Onone";
			};
			name = Debug;
		};
		EA06D7961F3508F800F3F0D5 /* Release */ = {
			isa = XCBuildConfiguration;
			buildSettings = {
				ALWAYS_SEARCH_USER_PATHS = NO;
				CLANG_ANALYZER_NONNULL = YES;
				CLANG_ANALYZER_NUMBER_OBJECT_CONVERSION = YES_AGGRESSIVE;
				CLANG_CXX_LANGUAGE_STANDARD = "gnu++14";
				CLANG_CXX_LIBRARY = "libc++";
				CLANG_ENABLE_MODULES = YES;
				CLANG_ENABLE_OBJC_ARC = YES;
				CLANG_WARN_BLOCK_CAPTURE_AUTORELEASING = YES;
				CLANG_WARN_BOOL_CONVERSION = YES;
				CLANG_WARN_COMMA = YES;
				CLANG_WARN_CONSTANT_CONVERSION = YES;
				CLANG_WARN_DIRECT_OBJC_ISA_USAGE = YES_ERROR;
				CLANG_WARN_DOCUMENTATION_COMMENTS = YES;
				CLANG_WARN_EMPTY_BODY = YES;
				CLANG_WARN_ENUM_CONVERSION = YES;
				CLANG_WARN_INFINITE_RECURSION = YES;
				CLANG_WARN_INT_CONVERSION = YES;
				CLANG_WARN_NON_LITERAL_NULL_CONVERSION = YES;
				CLANG_WARN_OBJC_LITERAL_CONVERSION = YES;
				CLANG_WARN_OBJC_ROOT_CLASS = YES_ERROR;
				CLANG_WARN_RANGE_LOOP_ANALYSIS = YES;
				CLANG_WARN_STRICT_PROTOTYPES = YES;
				CLANG_WARN_SUSPICIOUS_MOVE = YES;
				CLANG_WARN_UNGUARDED_AVAILABILITY = YES_AGGRESSIVE;
				CLANG_WARN_UNREACHABLE_CODE = YES;
				CLANG_WARN__DUPLICATE_METHOD_MATCH = YES;
				CODE_SIGN_IDENTITY = "iPhone Developer";
				COPY_PHASE_STRIP = NO;
				DEBUG_INFORMATION_FORMAT = "dwarf-with-dsym";
				ENABLE_NS_ASSERTIONS = NO;
				ENABLE_STRICT_OBJC_MSGSEND = YES;
				GCC_C_LANGUAGE_STANDARD = gnu11;
				GCC_NO_COMMON_BLOCKS = YES;
				GCC_WARN_64_TO_32_BIT_CONVERSION = YES;
				GCC_WARN_ABOUT_RETURN_TYPE = YES_ERROR;
				GCC_WARN_UNDECLARED_SELECTOR = YES;
				GCC_WARN_UNINITIALIZED_AUTOS = YES_AGGRESSIVE;
				GCC_WARN_UNUSED_FUNCTION = YES;
				GCC_WARN_UNUSED_VARIABLE = YES;
				IPHONEOS_DEPLOYMENT_TARGET = 11.0;
				MTL_ENABLE_DEBUG_INFO = NO;
				SDKROOT = iphoneos;
				SWIFT_OPTIMIZATION_LEVEL = "-Owholemodule";
				VALIDATE_PRODUCT = YES;
			};
			name = Release;
		};
		EA06D7981F3508F800F3F0D5 /* Debug */ = {
			isa = XCBuildConfiguration;
			buildSettings = {
				ASSETCATALOG_COMPILER_APPICON_NAME = AppIcon;
				INFOPLIST_FILE = "windows-shopper-app/Info.plist";
				LD_RUNPATH_SEARCH_PATHS = "$(inherited) @executable_path/Frameworks";
				PRODUCT_BUNDLE_IDENTIFIER = "com.swiftarcher.windows-shopper-app";
				PRODUCT_NAME = "$(TARGET_NAME)";
				SWIFT_VERSION = 4.0;
				TARGETED_DEVICE_FAMILY = "1,2";
			};
			name = Debug;
		};
		EA06D7991F3508F800F3F0D5 /* Release */ = {
			isa = XCBuildConfiguration;
			buildSettings = {
				ASSETCATALOG_COMPILER_APPICON_NAME = AppIcon;
				INFOPLIST_FILE = "windows-shopper-app/Info.plist";
				LD_RUNPATH_SEARCH_PATHS = "$(inherited) @executable_path/Frameworks";
				PRODUCT_BUNDLE_IDENTIFIER = "com.swiftarcher.windows-shopper-app";
				PRODUCT_NAME = "$(TARGET_NAME)";
				SWIFT_VERSION = 4.0;
				TARGETED_DEVICE_FAMILY = "1,2";
			};
			name = Release;
		};
		EA06D79B1F3508F800F3F0D5 /* Debug */ = {
			isa = XCBuildConfiguration;
			buildSettings = {
				ALWAYS_EMBED_SWIFT_STANDARD_LIBRARIES = YES;
				BUNDLE_LOADER = "$(TEST_HOST)";
				INFOPLIST_FILE = "windows-shopper-appTests/Info.plist";
				LD_RUNPATH_SEARCH_PATHS = "$(inherited) @executable_path/Frameworks @loader_path/Frameworks";
				PRODUCT_BUNDLE_IDENTIFIER = "com.swiftarcher.windows-shopper-appTests";
				PRODUCT_NAME = "$(TARGET_NAME)";
				SWIFT_VERSION = 4.0;
				TARGETED_DEVICE_FAMILY = "1,2";
				TEST_HOST = "$(BUILT_PRODUCTS_DIR)/windows-shopper-app.app/windows-shopper-app";
			};
			name = Debug;
		};
		EA06D79C1F3508F800F3F0D5 /* Release */ = {
			isa = XCBuildConfiguration;
			buildSettings = {
				ALWAYS_EMBED_SWIFT_STANDARD_LIBRARIES = YES;
				BUNDLE_LOADER = "$(TEST_HOST)";
				INFOPLIST_FILE = "windows-shopper-appTests/Info.plist";
				LD_RUNPATH_SEARCH_PATHS = "$(inherited) @executable_path/Frameworks @loader_path/Frameworks";
				PRODUCT_BUNDLE_IDENTIFIER = "com.swiftarcher.windows-shopper-appTests";
				PRODUCT_NAME = "$(TARGET_NAME)";
				SWIFT_VERSION = 4.0;
				TARGETED_DEVICE_FAMILY = "1,2";
				TEST_HOST = "$(BUILT_PRODUCTS_DIR)/windows-shopper-app.app/windows-shopper-app";
			};
			name = Release;
		};
		EA06D79E1F3508F800F3F0D5 /* Debug */ = {
			isa = XCBuildConfiguration;
			buildSettings = {
				ALWAYS_EMBED_SWIFT_STANDARD_LIBRARIES = YES;
				INFOPLIST_FILE = "windows-shopper-appUITests/Info.plist";
				LD_RUNPATH_SEARCH_PATHS = "$(inherited) @executable_path/Frameworks @loader_path/Frameworks";
				PRODUCT_BUNDLE_IDENTIFIER = "com.swiftarcher.windows-shopper-appUITests";
				PRODUCT_NAME = "$(TARGET_NAME)";
				SWIFT_VERSION = 4.0;
				TARGETED_DEVICE_FAMILY = "1,2";
				TEST_TARGET_NAME = "windows-shopper-app";
			};
			name = Debug;
		};
		EA06D79F1F3508F800F3F0D5 /* Release */ = {
			isa = XCBuildConfiguration;
			buildSettings = {
				ALWAYS_EMBED_SWIFT_STANDARD_LIBRARIES = YES;
				INFOPLIST_FILE = "windows-shopper-appUITests/Info.plist";
				LD_RUNPATH_SEARCH_PATHS = "$(inherited) @executable_path/Frameworks @loader_path/Frameworks";
				PRODUCT_BUNDLE_IDENTIFIER = "com.swiftarcher.windows-shopper-appUITests";
				PRODUCT_NAME = "$(TARGET_NAME)";
				SWIFT_VERSION = 4.0;
				TARGETED_DEVICE_FAMILY = "1,2";
				TEST_TARGET_NAME = "windows-shopper-app";
			};
			name = Release;
		};
/* End XCBuildConfiguration section */

/* Begin XCConfigurationList section */
		EA06D76A1F3508F700F3F0D5 /* Build configuration list for PBXProject "windows-shopper-app" */ = {
			isa = XCConfigurationList;
			buildConfigurations = (
				EA06D7951F3508F800F3F0D5 /* Debug */,
				EA06D7961F3508F800F3F0D5 /* Release */,
			);
			defaultConfigurationIsVisible = 0;
			defaultConfigurationName = Release;
		};
		EA06D7971F3508F800F3F0D5 /* Build configuration list for PBXNativeTarget "windows-shopper-app" */ = {
			isa = XCConfigurationList;
			buildConfigurations = (
				EA06D7981F3508F800F3F0D5 /* Debug */,
				EA06D7991F3508F800F3F0D5 /* Release */,
			);
			defaultConfigurationIsVisible = 0;
			defaultConfigurationName = Release;
		};
		EA06D79A1F3508F800F3F0D5 /* Build configuration list for PBXNativeTarget "windows-shopper-appTests" */ = {
			isa = XCConfigurationList;
			buildConfigurations = (
				EA06D79B1F3508F800F3F0D5 /* Debug */,
				EA06D79C1F3508F800F3F0D5 /* Release */,
			);
			defaultConfigurationIsVisible = 0;
			defaultConfigurationName = Release;
		};
		EA06D79D1F3508F800F3F0D5 /* Build configuration list for PBXNativeTarget "windows-shopper-appUITests" */ = {
			isa = XCConfigurationList;
			buildConfigurations = (
				EA06D79E1F3508F800F3F0D5 /* Debug */,
				EA06D79F1F3508F800F3F0D5 /* Release */,
			);
			defaultConfigurationIsVisible = 0;
			defaultConfigurationName = Release;
		};
/* End XCConfigurationList section */
	};
	rootObject = EA06D7671F3508F700F3F0D5 /* Project object */;
}
